
Microsoft Visual Studio Solution File, Format Version 12.00
# Visual Studio Version 17
VisualStudioVersion = 17.3.32825.248
MinimumVisualStudioVersion = 10.0.40219.1
Project("{FAE04EC0-301F-11D3-BF4B-00C04F79EFBC}") = "practica4", "practica4\practica4.csproj", "{7E7A4422-B713-41EB-9077-8200536D4EAD}"
EndProject
Global
	GlobalSection(SolutionConfigurationPlatforms) = preSolution
		Debug|Any CPU = Debug|Any CPU
		Release|Any CPU = Release|Any CPU
	EndGlobalSection
	GlobalSection(ProjectConfigurationPlatforms) = postSolution
		{7E7A4422-B713-41EB-9077-8200536D4EAD}.Debug|Any CPU.ActiveCfg = Debug|Any CPU
		{7E7A4422-B713-41EB-9077-8200536D4EAD}.Debug|Any CPU.Build.0 = Debug|Any CPU
		{7E7A4422-B713-41EB-9077-8200536D4EAD}.Release|Any CPU.ActiveCfg = Release|Any CPU
		{7E7A4422-B713-41EB-9077-8200536D4EAD}.Release|Any CPU.Build.0 = Release|Any CPU
	EndGlobalSection
	GlobalSection(SolutionProperties) = preSolution
		HideSolutionNode = FALSE
	EndGlobalSection
	GlobalSection(ExtensibilityGlobals) = postSolution
		SolutionGuid = {E7AEE9AF-C117-41A8-9217-F826A213BBA4}
	EndGlobalSection
EndGlobal
